// !$*UTF8*$!
{
	archiveVersion = 1;
	classes = {
	};
	objectVersion = 52;
	objects = {

/* Begin PBXBuildFile section */
		BA12365B24A442A50051B860 /* AppDelegate.swift in Sources */ = {isa = PBXBuildFile; fileRef = BA12365A24A442A50051B860 /* AppDelegate.swift */; };
		BA12365D24A442A50051B860 /* SceneDelegate.swift in Sources */ = {isa = PBXBuildFile; fileRef = BA12365C24A442A50051B860 /* SceneDelegate.swift */; };
		BA12366024A442A50051B860 /* pokedex.xcdatamodeld in Sources */ = {isa = PBXBuildFile; fileRef = BA12365E24A442A50051B860 /* pokedex.xcdatamodeld */; };
		BA12366224A442A50051B860 /* ContentView.swift in Sources */ = {isa = PBXBuildFile; fileRef = BA12366124A442A50051B860 /* ContentView.swift */; };
		BA12366424A442A70051B860 /* Assets.xcassets in Resources */ = {isa = PBXBuildFile; fileRef = BA12366324A442A70051B860 /* Assets.xcassets */; };
		BA12366724A442A70051B860 /* Preview Assets.xcassets in Resources */ = {isa = PBXBuildFile; fileRef = BA12366624A442A70051B860 /* Preview Assets.xcassets */; };
		BA12366A24A442A70051B860 /* LaunchScreen.storyboard in Resources */ = {isa = PBXBuildFile; fileRef = BA12366824A442A70051B860 /* LaunchScreen.storyboard */; };
		BA12367524A442A70051B860 /* pokedexTests.swift in Sources */ = {isa = PBXBuildFile; fileRef = BA12367424A442A70051B860 /* pokedexTests.swift */; };
		BA12368024A442A70051B860 /* pokedexUITests.swift in Sources */ = {isa = PBXBuildFile; fileRef = BA12367F24A442A70051B860 /* pokedexUITests.swift */; };
		BA12368F24A442F30051B860 /* ApiCaller.swift in Sources */ = {isa = PBXBuildFile; fileRef = BA12368E24A442F30051B860 /* ApiCaller.swift */; };
		BA12369324A459C20051B860 /* Attribute.swift in Sources */ = {isa = PBXBuildFile; fileRef = BA12369224A459C20051B860 /* Attribute.swift */; };
		BA12369524A575570051B860 /* BaseStats.swift in Sources */ = {isa = PBXBuildFile; fileRef = BA12369424A575570051B860 /* BaseStats.swift */; };
		BA12369724A5769C0051B860 /* ApiCaller+PokemonList.swift in Sources */ = {isa = PBXBuildFile; fileRef = BA12369624A5769C0051B860 /* ApiCaller+PokemonList.swift */; };
		BA2A3FDC29495C8F00EC8EFC /* PokemonAPI in Frameworks */ = {isa = PBXBuildFile; productRef = BA2A3FDB29495C8F00EC8EFC /* PokemonAPI */; };
		BA2A3FE02949617200EC8EFC /* TestManager.swift in Sources */ = {isa = PBXBuildFile; fileRef = BA2A3FDF2949617200EC8EFC /* TestManager.swift */; };
		BA66C22629499B450028E1BB /* PokedexView.swift in Sources */ = {isa = PBXBuildFile; fileRef = BA66C22529499B450028E1BB /* PokedexView.swift */; };
		BA66C229294AAFB20028E1BB /* Pokedex.swift in Sources */ = {isa = PBXBuildFile; fileRef = BA66C228294AAFB20028E1BB /* Pokedex.swift */; };
		BA66C22C294AB2A70028E1BB /* Pokemon.swift in Sources */ = {isa = PBXBuildFile; fileRef = BA66C22B294AB2A70028E1BB /* Pokemon.swift */; };
		BA66C22F294AB5960028E1BB /* Stat.swift in Sources */ = {isa = PBXBuildFile; fileRef = BA66C22E294AB5960028E1BB /* Stat.swift */; };
		BA66C231294AD7610028E1BB /* PokemonEntryView.swift in Sources */ = {isa = PBXBuildFile; fileRef = BA66C230294AD7610028E1BB /* PokemonEntryView.swift */; };
		BA66C234294FB0CF0028E1BB /* UserDefaultsHelper.swift in Sources */ = {isa = PBXBuildFile; fileRef = BA66C233294FB0CF0028E1BB /* UserDefaultsHelper.swift */; };
		BA66C236294FB3480028E1BB /* DataFetcher.swift in Sources */ = {isa = PBXBuildFile; fileRef = BA66C235294FB3480028E1BB /* DataFetcher.swift */; };
		BA66C238294FD90C0028E1BB /* PokedexRootView.swift in Sources */ = {isa = PBXBuildFile; fileRef = BA66C237294FD90C0028E1BB /* PokedexRootView.swift */; };
		BA66C23B294FE36B0028E1BB /* PokemonListView.swift in Sources */ = {isa = PBXBuildFile; fileRef = BA66C23A294FE36B0028E1BB /* PokemonListView.swift */; };
		BA66C23F294FE38E0028E1BB /* PokemonListViewModel.swift in Sources */ = {isa = PBXBuildFile; fileRef = BA66C23E294FE38E0028E1BB /* PokemonListViewModel.swift */; };
		BA66C241294FE6C00028E1BB /* PokemonRootView.swift in Sources */ = {isa = PBXBuildFile; fileRef = BA66C240294FE6C00028E1BB /* PokemonRootView.swift */; };
		BA66C243295295990028E1BB /* PokemonDetailView.swift in Sources */ = {isa = PBXBuildFile; fileRef = BA66C242295295990028E1BB /* PokemonDetailView.swift */; };
		BA66C2452952BBA90028E1BB /* TypesRootView.swift in Sources */ = {isa = PBXBuildFile; fileRef = BA66C2442952BBA90028E1BB /* TypesRootView.swift */; };
		BAA9C7E42952C97200606092 /* TypesRootViewModel.swift in Sources */ = {isa = PBXBuildFile; fileRef = BAA9C7E32952C97200606092 /* TypesRootViewModel.swift */; };
/* End PBXBuildFile section */

/* Begin PBXContainerItemProxy section */
		BA12367124A442A70051B860 /* PBXContainerItemProxy */ = {
			isa = PBXContainerItemProxy;
			containerPortal = BA12364F24A442A50051B860 /* Project object */;
			proxyType = 1;
			remoteGlobalIDString = BA12365624A442A50051B860;
			remoteInfo = pokedex;
		};
		BA12367C24A442A70051B860 /* PBXContainerItemProxy */ = {
			isa = PBXContainerItemProxy;
			containerPortal = BA12364F24A442A50051B860 /* Project object */;
			proxyType = 1;
			remoteGlobalIDString = BA12365624A442A50051B860;
			remoteInfo = pokedex;
		};
/* End PBXContainerItemProxy section */

/* Begin PBXFileReference section */
		BA12365724A442A50051B860 /* pokedex.app */ = {isa = PBXFileReference; explicitFileType = wrapper.application; includeInIndex = 0; path = pokedex.app; sourceTree = BUILT_PRODUCTS_DIR; };
		BA12365A24A442A50051B860 /* AppDelegate.swift */ = {isa = PBXFileReference; lastKnownFileType = sourcecode.swift; path = AppDelegate.swift; sourceTree = "<group>"; };
		BA12365C24A442A50051B860 /* SceneDelegate.swift */ = {isa = PBXFileReference; lastKnownFileType = sourcecode.swift; path = SceneDelegate.swift; sourceTree = "<group>"; };
		BA12365F24A442A50051B860 /* pokedex.xcdatamodel */ = {isa = PBXFileReference; lastKnownFileType = wrapper.xcdatamodel; path = pokedex.xcdatamodel; sourceTree = "<group>"; };
		BA12366124A442A50051B860 /* ContentView.swift */ = {isa = PBXFileReference; lastKnownFileType = sourcecode.swift; path = ContentView.swift; sourceTree = "<group>"; };
		BA12366324A442A70051B860 /* Assets.xcassets */ = {isa = PBXFileReference; lastKnownFileType = folder.assetcatalog; path = Assets.xcassets; sourceTree = "<group>"; };
		BA12366624A442A70051B860 /* Preview Assets.xcassets */ = {isa = PBXFileReference; lastKnownFileType = folder.assetcatalog; path = "Preview Assets.xcassets"; sourceTree = "<group>"; };
		BA12366924A442A70051B860 /* Base */ = {isa = PBXFileReference; lastKnownFileType = file.storyboard; name = Base; path = Base.lproj/LaunchScreen.storyboard; sourceTree = "<group>"; };
		BA12366B24A442A70051B860 /* Info.plist */ = {isa = PBXFileReference; lastKnownFileType = text.plist.xml; path = Info.plist; sourceTree = "<group>"; };
		BA12367024A442A70051B860 /* pokedexTests.xctest */ = {isa = PBXFileReference; explicitFileType = wrapper.cfbundle; includeInIndex = 0; path = pokedexTests.xctest; sourceTree = BUILT_PRODUCTS_DIR; };
		BA12367424A442A70051B860 /* pokedexTests.swift */ = {isa = PBXFileReference; lastKnownFileType = sourcecode.swift; path = pokedexTests.swift; sourceTree = "<group>"; };
		BA12367624A442A70051B860 /* Info.plist */ = {isa = PBXFileReference; lastKnownFileType = text.plist.xml; path = Info.plist; sourceTree = "<group>"; };
		BA12367B24A442A70051B860 /* pokedexUITests.xctest */ = {isa = PBXFileReference; explicitFileType = wrapper.cfbundle; includeInIndex = 0; path = pokedexUITests.xctest; sourceTree = BUILT_PRODUCTS_DIR; };
		BA12367F24A442A70051B860 /* pokedexUITests.swift */ = {isa = PBXFileReference; lastKnownFileType = sourcecode.swift; path = pokedexUITests.swift; sourceTree = "<group>"; };
		BA12368124A442A70051B860 /* Info.plist */ = {isa = PBXFileReference; lastKnownFileType = text.plist.xml; path = Info.plist; sourceTree = "<group>"; };
		BA12368E24A442F30051B860 /* ApiCaller.swift */ = {isa = PBXFileReference; lastKnownFileType = sourcecode.swift; path = ApiCaller.swift; sourceTree = "<group>"; };
		BA12369224A459C20051B860 /* Attribute.swift */ = {isa = PBXFileReference; lastKnownFileType = sourcecode.swift; path = Attribute.swift; sourceTree = "<group>"; };
		BA12369424A575570051B860 /* BaseStats.swift */ = {isa = PBXFileReference; lastKnownFileType = sourcecode.swift; path = BaseStats.swift; sourceTree = "<group>"; };
		BA12369624A5769C0051B860 /* ApiCaller+PokemonList.swift */ = {isa = PBXFileReference; lastKnownFileType = sourcecode.swift; path = "ApiCaller+PokemonList.swift"; sourceTree = "<group>"; };
		BA2A3FDF2949617200EC8EFC /* TestManager.swift */ = {isa = PBXFileReference; lastKnownFileType = sourcecode.swift; path = TestManager.swift; sourceTree = "<group>"; };
		BA66C22529499B450028E1BB /* PokedexView.swift */ = {isa = PBXFileReference; lastKnownFileType = sourcecode.swift; path = PokedexView.swift; sourceTree = "<group>"; };
		BA66C228294AAFB20028E1BB /* Pokedex.swift */ = {isa = PBXFileReference; lastKnownFileType = sourcecode.swift; path = Pokedex.swift; sourceTree = "<group>"; };
		BA66C22B294AB2A70028E1BB /* Pokemon.swift */ = {isa = PBXFileReference; lastKnownFileType = sourcecode.swift; path = Pokemon.swift; sourceTree = "<group>"; };
		BA66C22E294AB5960028E1BB /* Stat.swift */ = {isa = PBXFileReference; lastKnownFileType = sourcecode.swift; path = Stat.swift; sourceTree = "<group>"; };
		BA66C230294AD7610028E1BB /* PokemonEntryView.swift */ = {isa = PBXFileReference; lastKnownFileType = sourcecode.swift; path = PokemonEntryView.swift; sourceTree = "<group>"; };
		BA66C233294FB0CF0028E1BB /* UserDefaultsHelper.swift */ = {isa = PBXFileReference; lastKnownFileType = sourcecode.swift; path = UserDefaultsHelper.swift; sourceTree = "<group>"; };
		BA66C235294FB3480028E1BB /* DataFetcher.swift */ = {isa = PBXFileReference; lastKnownFileType = sourcecode.swift; path = DataFetcher.swift; sourceTree = "<group>"; };
		BA66C237294FD90C0028E1BB /* PokedexRootView.swift */ = {isa = PBXFileReference; lastKnownFileType = sourcecode.swift; path = PokedexRootView.swift; sourceTree = "<group>"; };
		BA66C23A294FE36B0028E1BB /* PokemonListView.swift */ = {isa = PBXFileReference; lastKnownFileType = sourcecode.swift; path = PokemonListView.swift; sourceTree = "<group>"; };
		BA66C23E294FE38E0028E1BB /* PokemonListViewModel.swift */ = {isa = PBXFileReference; lastKnownFileType = sourcecode.swift; path = PokemonListViewModel.swift; sourceTree = "<group>"; };
		BA66C240294FE6C00028E1BB /* PokemonRootView.swift */ = {isa = PBXFileReference; lastKnownFileType = sourcecode.swift; path = PokemonRootView.swift; sourceTree = "<group>"; };
		BA66C242295295990028E1BB /* PokemonDetailView.swift */ = {isa = PBXFileReference; lastKnownFileType = sourcecode.swift; path = PokemonDetailView.swift; sourceTree = "<group>"; };
		BA66C2442952BBA90028E1BB /* TypesRootView.swift */ = {isa = PBXFileReference; lastKnownFileType = sourcecode.swift; path = TypesRootView.swift; sourceTree = "<group>"; };
		BAA9C7E32952C97200606092 /* TypesRootViewModel.swift */ = {isa = PBXFileReference; lastKnownFileType = sourcecode.swift; name = TypesRootViewModel.swift; path = ../../../../../../../Movies/TypesRootViewModel.swift; sourceTree = "<group>"; };
/* End PBXFileReference section */

/* Begin PBXFrameworksBuildPhase section */
		BA12365424A442A50051B860 /* Frameworks */ = {
			isa = PBXFrameworksBuildPhase;
			buildActionMask = 2147483647;
			files = (
				BA2A3FDC29495C8F00EC8EFC /* PokemonAPI in Frameworks */,
			);
			runOnlyForDeploymentPostprocessing = 0;
		};
		BA12366D24A442A70051B860 /* Frameworks */ = {
			isa = PBXFrameworksBuildPhase;
			buildActionMask = 2147483647;
			files = (
			);
			runOnlyForDeploymentPostprocessing = 0;
		};
		BA12367824A442A70051B860 /* Frameworks */ = {
			isa = PBXFrameworksBuildPhase;
			buildActionMask = 2147483647;
			files = (
			);
			runOnlyForDeploymentPostprocessing = 0;
		};
/* End PBXFrameworksBuildPhase section */

/* Begin PBXGroup section */
		BA12364E24A442A50051B860 = {
			isa = PBXGroup;
			children = (
				BA12365924A442A50051B860 /* pokedex */,
				BA12367324A442A70051B860 /* pokedexTests */,
				BA12367E24A442A70051B860 /* pokedexUITests */,
				BA12365824A442A50051B860 /* Products */,
			);
			sourceTree = "<group>";
		};
		BA12365824A442A50051B860 /* Products */ = {
			isa = PBXGroup;
			children = (
				BA12365724A442A50051B860 /* pokedex.app */,
				BA12367024A442A70051B860 /* pokedexTests.xctest */,
				BA12367B24A442A70051B860 /* pokedexUITests.xctest */,
			);
			name = Products;
			sourceTree = "<group>";
		};
		BA12365924A442A50051B860 /* pokedex */ = {
			isa = PBXGroup;
			children = (
				BA66C22429499B320028E1BB /* views */,
				BA2A3FDE2949615900EC8EFC /* src */,
				BA12369024A456610051B860 /* DataModels */,
				BA12368D24A442E70051B860 /* New Group */,
				BA12365A24A442A50051B860 /* AppDelegate.swift */,
				BA12365C24A442A50051B860 /* SceneDelegate.swift */,
				BA12366124A442A50051B860 /* ContentView.swift */,
				BA12366324A442A70051B860 /* Assets.xcassets */,
				BA12366824A442A70051B860 /* LaunchScreen.storyboard */,
				BA12366B24A442A70051B860 /* Info.plist */,
				BA12365E24A442A50051B860 /* pokedex.xcdatamodeld */,
				BA12366524A442A70051B860 /* Preview Content */,
			);
			path = pokedex;
			sourceTree = "<group>";
		};
		BA12366524A442A70051B860 /* Preview Content */ = {
			isa = PBXGroup;
			children = (
				BA12366624A442A70051B860 /* Preview Assets.xcassets */,
			);
			path = "Preview Content";
			sourceTree = "<group>";
		};
		BA12367324A442A70051B860 /* pokedexTests */ = {
			isa = PBXGroup;
			children = (
				BA12367424A442A70051B860 /* pokedexTests.swift */,
				BA12367624A442A70051B860 /* Info.plist */,
			);
			path = pokedexTests;
			sourceTree = "<group>";
		};
		BA12367E24A442A70051B860 /* pokedexUITests */ = {
			isa = PBXGroup;
			children = (
				BA12367F24A442A70051B860 /* pokedexUITests.swift */,
				BA12368124A442A70051B860 /* Info.plist */,
			);
			path = pokedexUITests;
			sourceTree = "<group>";
		};
		BA12368D24A442E70051B860 /* New Group */ = {
			isa = PBXGroup;
			children = (
				BA12368E24A442F30051B860 /* ApiCaller.swift */,
				BA12369624A5769C0051B860 /* ApiCaller+PokemonList.swift */,
			);
			path = "New Group";
			sourceTree = "<group>";
		};
		BA12369024A456610051B860 /* DataModels */ = {
			isa = PBXGroup;
			children = (
				BA66C22D294AB58A0028E1BB /* Stat */,
				BA66C22A294AB2960028E1BB /* Pokemon */,
				BA66C227294AAFA00028E1BB /* Pokedex */,
				BA12369124A456670051B860 /* PokemonStats */,
			);
			path = DataModels;
			sourceTree = "<group>";
		};
		BA12369124A456670051B860 /* PokemonStats */ = {
			isa = PBXGroup;
			children = (
				BA12369224A459C20051B860 /* Attribute.swift */,
				BA12369424A575570051B860 /* BaseStats.swift */,
			);
			path = PokemonStats;
			sourceTree = "<group>";
		};
		BA2A3FDE2949615900EC8EFC /* src */ = {
			isa = PBXGroup;
			children = (
				BA66C232294FB0BA0028E1BB /* UserDefaultsHelper */,
				BA2A3FDF2949617200EC8EFC /* TestManager.swift */,
				BA66C235294FB3480028E1BB /* DataFetcher.swift */,
			);
			path = src;
			sourceTree = "<group>";
		};
		BA66C22429499B320028E1BB /* views */ = {
			isa = PBXGroup;
			children = (
				BAA9C7E22952C91600606092 /* Types */,
				BA66C239294FE3470028E1BB /* PokemonViewListView */,
				BA66C22529499B450028E1BB /* PokedexView.swift */,
				BA66C230294AD7610028E1BB /* PokemonEntryView.swift */,
				BA66C237294FD90C0028E1BB /* PokedexRootView.swift */,
				BA66C240294FE6C00028E1BB /* PokemonRootView.swift */,
			);
			path = views;
			sourceTree = "<group>";
		};
		BA66C227294AAFA00028E1BB /* Pokedex */ = {
			isa = PBXGroup;
			children = (
				BA66C228294AAFB20028E1BB /* Pokedex.swift */,
			);
			path = Pokedex;
			sourceTree = "<group>";
		};
		BA66C22A294AB2960028E1BB /* Pokemon */ = {
			isa = PBXGroup;
			children = (
				BA66C22B294AB2A70028E1BB /* Pokemon.swift */,
			);
			path = Pokemon;
			sourceTree = "<group>";
		};
		BA66C22D294AB58A0028E1BB /* Stat */ = {
			isa = PBXGroup;
			children = (
				BA66C22E294AB5960028E1BB /* Stat.swift */,
			);
			path = Stat;
			sourceTree = "<group>";
		};
		BA66C232294FB0BA0028E1BB /* UserDefaultsHelper */ = {
			isa = PBXGroup;
			children = (
				BA66C233294FB0CF0028E1BB /* UserDefaultsHelper.swift */,
			);
			path = UserDefaultsHelper;
			sourceTree = "<group>";
		};
		BA66C239294FE3470028E1BB /* PokemonViewListView */ = {
			isa = PBXGroup;
			children = (
				BA66C23A294FE36B0028E1BB /* PokemonListView.swift */,
				BA66C23E294FE38E0028E1BB /* PokemonListViewModel.swift */,
				BA66C242295295990028E1BB /* PokemonDetailView.swift */,
			);
			path = PokemonViewListView;
			sourceTree = "<group>";
		};
		BAA9C7E22952C91600606092 /* Types */ = {
			isa = PBXGroup;
			children = (
				BA66C2442952BBA90028E1BB /* TypesRootView.swift */,
				BAA9C7E32952C97200606092 /* TypesRootViewModel.swift */,
			);
			path = Types;
			sourceTree = "<group>";
		};
/* End PBXGroup section */

/* Begin PBXNativeTarget section */
		BA12365624A442A50051B860 /* pokedex */ = {
			isa = PBXNativeTarget;
			buildConfigurationList = BA12368424A442A70051B860 /* Build configuration list for PBXNativeTarget "pokedex" */;
			buildPhases = (
				BA12365324A442A50051B860 /* Sources */,
				BA12365424A442A50051B860 /* Frameworks */,
				BA12365524A442A50051B860 /* Resources */,
			);
			buildRules = (
			);
			dependencies = (
			);
			name = pokedex;
			packageProductDependencies = (
				BA2A3FDB29495C8F00EC8EFC /* PokemonAPI */,
			);
			productName = pokedex;
			productReference = BA12365724A442A50051B860 /* pokedex.app */;
			productType = "com.apple.product-type.application";
		};
		BA12366F24A442A70051B860 /* pokedexTests */ = {
			isa = PBXNativeTarget;
			buildConfigurationList = BA12368724A442A70051B860 /* Build configuration list for PBXNativeTarget "pokedexTests" */;
			buildPhases = (
				BA12366C24A442A70051B860 /* Sources */,
				BA12366D24A442A70051B860 /* Frameworks */,
				BA12366E24A442A70051B860 /* Resources */,
			);
			buildRules = (
			);
			dependencies = (
				BA12367224A442A70051B860 /* PBXTargetDependency */,
			);
			name = pokedexTests;
			productName = pokedexTests;
			productReference = BA12367024A442A70051B860 /* pokedexTests.xctest */;
			productType = "com.apple.product-type.bundle.unit-test";
		};
		BA12367A24A442A70051B860 /* pokedexUITests */ = {
			isa = PBXNativeTarget;
			buildConfigurationList = BA12368A24A442A70051B860 /* Build configuration list for PBXNativeTarget "pokedexUITests" */;
			buildPhases = (
				BA12367724A442A70051B860 /* Sources */,
				BA12367824A442A70051B860 /* Frameworks */,
				BA12367924A442A70051B860 /* Resources */,
			);
			buildRules = (
			);
			dependencies = (
				BA12367D24A442A70051B860 /* PBXTargetDependency */,
			);
			name = pokedexUITests;
			productName = pokedexUITests;
			productReference = BA12367B24A442A70051B860 /* pokedexUITests.xctest */;
			productType = "com.apple.product-type.bundle.ui-testing";
		};
/* End PBXNativeTarget section */

/* Begin PBXProject section */
		BA12364F24A442A50051B860 /* Project object */ = {
			isa = PBXProject;
			attributes = {
				LastSwiftUpdateCheck = 1150;
				LastUpgradeCheck = 1150;
				ORGANIZATIONNAME = "Erik Hatfield";
				TargetAttributes = {
					BA12365624A442A50051B860 = {
						CreatedOnToolsVersion = 11.5;
					};
					BA12366F24A442A70051B860 = {
						CreatedOnToolsVersion = 11.5;
						TestTargetID = BA12365624A442A50051B860;
					};
					BA12367A24A442A70051B860 = {
						CreatedOnToolsVersion = 11.5;
						TestTargetID = BA12365624A442A50051B860;
					};
				};
			};
			buildConfigurationList = BA12365224A442A50051B860 /* Build configuration list for PBXProject "pokedex" */;
			compatibilityVersion = "Xcode 9.3";
			developmentRegion = en;
			hasScannedForEncodings = 0;
			knownRegions = (
				en,
				Base,
			);
			mainGroup = BA12364E24A442A50051B860;
			packageReferences = (
				BA2A3FDA29495C8F00EC8EFC /* XCRemoteSwiftPackageReference "PokemonAPI" */,
			);
			productRefGroup = BA12365824A442A50051B860 /* Products */;
			projectDirPath = "";
			projectRoot = "";
			targets = (
				BA12365624A442A50051B860 /* pokedex */,
				BA12366F24A442A70051B860 /* pokedexTests */,
				BA12367A24A442A70051B860 /* pokedexUITests */,
			);
		};
/* End PBXProject section */

/* Begin PBXResourcesBuildPhase section */
		BA12365524A442A50051B860 /* Resources */ = {
			isa = PBXResourcesBuildPhase;
			buildActionMask = 2147483647;
			files = (
				BA12366A24A442A70051B860 /* LaunchScreen.storyboard in Resources */,
				BA12366724A442A70051B860 /* Preview Assets.xcassets in Resources */,
				BA12366424A442A70051B860 /* Assets.xcassets in Resources */,
			);
			runOnlyForDeploymentPostprocessing = 0;
		};
		BA12366E24A442A70051B860 /* Resources */ = {
			isa = PBXResourcesBuildPhase;
			buildActionMask = 2147483647;
			files = (
			);
			runOnlyForDeploymentPostprocessing = 0;
		};
		BA12367924A442A70051B860 /* Resources */ = {
			isa = PBXResourcesBuildPhase;
			buildActionMask = 2147483647;
			files = (
			);
			runOnlyForDeploymentPostprocessing = 0;
		};
/* End PBXResourcesBuildPhase section */

/* Begin PBXSourcesBuildPhase section */
		BA12365324A442A50051B860 /* Sources */ = {
			isa = PBXSourcesBuildPhase;
			buildActionMask = 2147483647;
			files = (
				BA66C234294FB0CF0028E1BB /* UserDefaultsHelper.swift in Sources */,
				BA66C22F294AB5960028E1BB /* Stat.swift in Sources */,
				BA66C231294AD7610028E1BB /* PokemonEntryView.swift in Sources */,
				BA12369324A459C20051B860 /* Attribute.swift in Sources */,
				BA12366024A442A50051B860 /* pokedex.xcdatamodeld in Sources */,
				BA66C243295295990028E1BB /* PokemonDetailView.swift in Sources */,
				BA12365B24A442A50051B860 /* AppDelegate.swift in Sources */,
				BA2A3FE02949617200EC8EFC /* TestManager.swift in Sources */,
				BA66C236294FB3480028E1BB /* DataFetcher.swift in Sources */,
				BA12369724A5769C0051B860 /* ApiCaller+PokemonList.swift in Sources */,
				BA66C22C294AB2A70028E1BB /* Pokemon.swift in Sources */,
				BA12366224A442A50051B860 /* ContentView.swift in Sources */,
				BA66C238294FD90C0028E1BB /* PokedexRootView.swift in Sources */,
				BAA9C7E42952C97200606092 /* TypesRootViewModel.swift in Sources */,
				BA12365D24A442A50051B860 /* SceneDelegate.swift in Sources */,
				BA66C229294AAFB20028E1BB /* Pokedex.swift in Sources */,
				BA66C22629499B450028E1BB /* PokedexView.swift in Sources */,
				BA66C23F294FE38E0028E1BB /* PokemonListViewModel.swift in Sources */,
				BA66C241294FE6C00028E1BB /* PokemonRootView.swift in Sources */,
				BA66C2452952BBA90028E1BB /* TypesRootView.swift in Sources */,
				BA12368F24A442F30051B860 /* ApiCaller.swift in Sources */,
				BA66C23B294FE36B0028E1BB /* PokemonListView.swift in Sources */,
				BA12369524A575570051B860 /* BaseStats.swift in Sources */,
			);
			runOnlyForDeploymentPostprocessing = 0;
		};
		BA12366C24A442A70051B860 /* Sources */ = {
			isa = PBXSourcesBuildPhase;
			buildActionMask = 2147483647;
			files = (
				BA12367524A442A70051B860 /* pokedexTests.swift in Sources */,
			);
			runOnlyForDeploymentPostprocessing = 0;
		};
		BA12367724A442A70051B860 /* Sources */ = {
			isa = PBXSourcesBuildPhase;
			buildActionMask = 2147483647;
			files = (
				BA12368024A442A70051B860 /* pokedexUITests.swift in Sources */,
			);
			runOnlyForDeploymentPostprocessing = 0;
		};
/* End PBXSourcesBuildPhase section */

/* Begin PBXTargetDependency section */
		BA12367224A442A70051B860 /* PBXTargetDependency */ = {
			isa = PBXTargetDependency;
			target = BA12365624A442A50051B860 /* pokedex */;
			targetProxy = BA12367124A442A70051B860 /* PBXContainerItemProxy */;
		};
		BA12367D24A442A70051B860 /* PBXTargetDependency */ = {
			isa = PBXTargetDependency;
			target = BA12365624A442A50051B860 /* pokedex */;
			targetProxy = BA12367C24A442A70051B860 /* PBXContainerItemProxy */;
		};
/* End PBXTargetDependency section */

/* Begin PBXVariantGroup section */
		BA12366824A442A70051B860 /* LaunchScreen.storyboard */ = {
			isa = PBXVariantGroup;
			children = (
				BA12366924A442A70051B860 /* Base */,
			);
			name = LaunchScreen.storyboard;
			sourceTree = "<group>";
		};
/* End PBXVariantGroup section */

/* Begin XCBuildConfiguration section */
		BA12368224A442A70051B860 /* Debug */ = {
			isa = XCBuildConfiguration;
			buildSettings = {
				ALWAYS_SEARCH_USER_PATHS = NO;
				CLANG_ANALYZER_NONNULL = YES;
				CLANG_ANALYZER_NUMBER_OBJECT_CONVERSION = YES_AGGRESSIVE;
				CLANG_CXX_LANGUAGE_STANDARD = "gnu++14";
				CLANG_CXX_LIBRARY = "libc++";
				CLANG_ENABLE_MODULES = YES;
				CLANG_ENABLE_OBJC_ARC = YES;
				CLANG_ENABLE_OBJC_WEAK = YES;
				CLANG_WARN_BLOCK_CAPTURE_AUTORELEASING = YES;
				CLANG_WARN_BOOL_CONVERSION = YES;
				CLANG_WARN_COMMA = YES;
				CLANG_WARN_CONSTANT_CONVERSION = YES;
				CLANG_WARN_DEPRECATED_OBJC_IMPLEMENTATIONS = YES;
				CLANG_WARN_DIRECT_OBJC_ISA_USAGE = YES_ERROR;
				CLANG_WARN_DOCUMENTATION_COMMENTS = YES;
				CLANG_WARN_EMPTY_BODY = YES;
				CLANG_WARN_ENUM_CONVERSION = YES;
				CLANG_WARN_INFINITE_RECURSION = YES;
				CLANG_WARN_INT_CONVERSION = YES;
				CLANG_WARN_NON_LITERAL_NULL_CONVERSION = YES;
				CLANG_WARN_OBJC_IMPLICIT_RETAIN_SELF = YES;
				CLANG_WARN_OBJC_LITERAL_CONVERSION = YES;
				CLANG_WARN_OBJC_ROOT_CLASS = YES_ERROR;
				CLANG_WARN_RANGE_LOOP_ANALYSIS = YES;
				CLANG_WARN_STRICT_PROTOTYPES = YES;
				CLANG_WARN_SUSPICIOUS_MOVE = YES;
				CLANG_WARN_UNGUARDED_AVAILABILITY = YES_AGGRESSIVE;
				CLANG_WARN_UNREACHABLE_CODE = YES;
				CLANG_WARN__DUPLICATE_METHOD_MATCH = YES;
				COPY_PHASE_STRIP = NO;
				DEBUG_INFORMATION_FORMAT = dwarf;
				ENABLE_STRICT_OBJC_MSGSEND = YES;
				ENABLE_TESTABILITY = YES;
				GCC_C_LANGUAGE_STANDARD = gnu11;
				GCC_DYNAMIC_NO_PIC = NO;
				GCC_NO_COMMON_BLOCKS = YES;
				GCC_OPTIMIZATION_LEVEL = 0;
				GCC_PREPROCESSOR_DEFINITIONS = (
					"DEBUG=1",
					"$(inherited)",
				);
				GCC_WARN_64_TO_32_BIT_CONVERSION = YES;
				GCC_WARN_ABOUT_RETURN_TYPE = YES_ERROR;
				GCC_WARN_UNDECLARED_SELECTOR = YES;
				GCC_WARN_UNINITIALIZED_AUTOS = YES_AGGRESSIVE;
				GCC_WARN_UNUSED_FUNCTION = YES;
				GCC_WARN_UNUSED_VARIABLE = YES;
				IPHONEOS_DEPLOYMENT_TARGET = 13.5;
				MTL_ENABLE_DEBUG_INFO = INCLUDE_SOURCE;
				MTL_FAST_MATH = YES;
				ONLY_ACTIVE_ARCH = YES;
				SDKROOT = iphoneos;
				SWIFT_ACTIVE_COMPILATION_CONDITIONS = DEBUG;
				SWIFT_OPTIMIZATION_LEVEL = "-Onone";
			};
			name = Debug;
		};
		BA12368324A442A70051B860 /* Release */ = {
			isa = XCBuildConfiguration;
			buildSettings = {
				ALWAYS_SEARCH_USER_PATHS = NO;
				CLANG_ANALYZER_NONNULL = YES;
				CLANG_ANALYZER_NUMBER_OBJECT_CONVERSION = YES_AGGRESSIVE;
				CLANG_CXX_LANGUAGE_STANDARD = "gnu++14";
				CLANG_CXX_LIBRARY = "libc++";
				CLANG_ENABLE_MODULES = YES;
				CLANG_ENABLE_OBJC_ARC = YES;
				CLANG_ENABLE_OBJC_WEAK = YES;
				CLANG_WARN_BLOCK_CAPTURE_AUTORELEASING = YES;
				CLANG_WARN_BOOL_CONVERSION = YES;
				CLANG_WARN_COMMA = YES;
				CLANG_WARN_CONSTANT_CONVERSION = YES;
				CLANG_WARN_DEPRECATED_OBJC_IMPLEMENTATIONS = YES;
				CLANG_WARN_DIRECT_OBJC_ISA_USAGE = YES_ERROR;
				CLANG_WARN_DOCUMENTATION_COMMENTS = YES;
				CLANG_WARN_EMPTY_BODY = YES;
				CLANG_WARN_ENUM_CONVERSION = YES;
				CLANG_WARN_INFINITE_RECURSION = YES;
				CLANG_WARN_INT_CONVERSION = YES;
				CLANG_WARN_NON_LITERAL_NULL_CONVERSION = YES;
				CLANG_WARN_OBJC_IMPLICIT_RETAIN_SELF = YES;
				CLANG_WARN_OBJC_LITERAL_CONVERSION = YES;
				CLANG_WARN_OBJC_ROOT_CLASS = YES_ERROR;
				CLANG_WARN_RANGE_LOOP_ANALYSIS = YES;
				CLANG_WARN_STRICT_PROTOTYPES = YES;
				CLANG_WARN_SUSPICIOUS_MOVE = YES;
				CLANG_WARN_UNGUARDED_AVAILABILITY = YES_AGGRESSIVE;
				CLANG_WARN_UNREACHABLE_CODE = YES;
				CLANG_WARN__DUPLICATE_METHOD_MATCH = YES;
				COPY_PHASE_STRIP = NO;
				DEBUG_INFORMATION_FORMAT = "dwarf-with-dsym";
				ENABLE_NS_ASSERTIONS = NO;
				ENABLE_STRICT_OBJC_MSGSEND = YES;
				GCC_C_LANGUAGE_STANDARD = gnu11;
				GCC_NO_COMMON_BLOCKS = YES;
				GCC_WARN_64_TO_32_BIT_CONVERSION = YES;
				GCC_WARN_ABOUT_RETURN_TYPE = YES_ERROR;
				GCC_WARN_UNDECLARED_SELECTOR = YES;
				GCC_WARN_UNINITIALIZED_AUTOS = YES_AGGRESSIVE;
				GCC_WARN_UNUSED_FUNCTION = YES;
				GCC_WARN_UNUSED_VARIABLE = YES;
				IPHONEOS_DEPLOYMENT_TARGET = 13.5;
				MTL_ENABLE_DEBUG_INFO = NO;
				MTL_FAST_MATH = YES;
				SDKROOT = iphoneos;
				SWIFT_COMPILATION_MODE = wholemodule;
				SWIFT_OPTIMIZATION_LEVEL = "-O";
				VALIDATE_PRODUCT = YES;
			};
			name = Release;
		};
		BA12368524A442A70051B860 /* Debug */ = {
			isa = XCBuildConfiguration;
			buildSettings = {
				ASSETCATALOG_COMPILER_APPICON_NAME = AppIcon;
				CODE_SIGN_STYLE = Automatic;
				DEVELOPMENT_ASSET_PATHS = "\"pokedex/Preview Content\"";
				DEVELOPMENT_TEAM = 642D24FH73;
				ENABLE_PREVIEWS = YES;
				INFOPLIST_FILE = pokedex/Info.plist;
				IPHONEOS_DEPLOYMENT_TARGET = 16.0;
				LD_RUNPATH_SEARCH_PATHS = (
					"$(inherited)",
					"@executable_path/Frameworks",
				);
				PRODUCT_BUNDLE_IDENTIFIER = nothing.pokedex;
				PRODUCT_NAME = "$(TARGET_NAME)";
				SUPPORTED_PLATFORMS = "iphoneos iphonesimulator macosx";
				SUPPORTS_MACCATALYST = NO;
				SUPPORTS_MAC_DESIGNED_FOR_IPHONE_IPAD = NO;
				SWIFT_VERSION = 5.0;
				TARGETED_DEVICE_FAMILY = "1,2";
			};
			name = Debug;
		};
		BA12368624A442A70051B860 /* Release */ = {
			isa = XCBuildConfiguration;
			buildSettings = {
				ASSETCATALOG_COMPILER_APPICON_NAME = AppIcon;
				CODE_SIGN_STYLE = Automatic;
				DEVELOPMENT_ASSET_PATHS = "\"pokedex/Preview Content\"";
				DEVELOPMENT_TEAM = 642D24FH73;
				ENABLE_PREVIEWS = YES;
				INFOPLIST_FILE = pokedex/Info.plist;
				IPHONEOS_DEPLOYMENT_TARGET = 16.0;
				LD_RUNPATH_SEARCH_PATHS = (
					"$(inherited)",
					"@executable_path/Frameworks",
				);
				PRODUCT_BUNDLE_IDENTIFIER = nothing.pokedex;
				PRODUCT_NAME = "$(TARGET_NAME)";
				SUPPORTED_PLATFORMS = "iphoneos iphonesimulator macosx";
				SUPPORTS_MACCATALYST = NO;
				SUPPORTS_MAC_DESIGNED_FOR_IPHONE_IPAD = NO;
				SWIFT_VERSION = 5.0;
				TARGETED_DEVICE_FAMILY = "1,2";
			};
			name = Release;
		};
		BA12368824A442A70051B860 /* Debug */ = {
			isa = XCBuildConfiguration;
			buildSettings = {
				ALWAYS_EMBED_SWIFT_STANDARD_LIBRARIES = YES;
				BUNDLE_LOADER = "$(TEST_HOST)";
				CODE_SIGN_STYLE = Automatic;
				INFOPLIST_FILE = pokedexTests/Info.plist;
				IPHONEOS_DEPLOYMENT_TARGET = 13.5;
				LD_RUNPATH_SEARCH_PATHS = (
					"$(inherited)",
					"@executable_path/Frameworks",
					"@loader_path/Frameworks",
				);
				PRODUCT_BUNDLE_IDENTIFIER = nothing.pokedexTests;
				PRODUCT_NAME = "$(TARGET_NAME)";
				SWIFT_VERSION = 5.0;
				TARGETED_DEVICE_FAMILY = "1,2";
				TEST_HOST = "$(BUILT_PRODUCTS_DIR)/pokedex.app/pokedex";
			};
			name = Debug;
		};
		BA12368924A442A70051B860 /* Release */ = {
			isa = XCBuildConfiguration;
			buildSettings = {
				ALWAYS_EMBED_SWIFT_STANDARD_LIBRARIES = YES;
				BUNDLE_LOADER = "$(TEST_HOST)";
				CODE_SIGN_STYLE = Automatic;
				INFOPLIST_FILE = pokedexTests/Info.plist;
				IPHONEOS_DEPLOYMENT_TARGET = 13.5;
				LD_RUNPATH_SEARCH_PATHS = (
					"$(inherited)",
					"@executable_path/Frameworks",
					"@loader_path/Frameworks",
				);
				PRODUCT_BUNDLE_IDENTIFIER = nothing.pokedexTests;
				PRODUCT_NAME = "$(TARGET_NAME)";
				SWIFT_VERSION = 5.0;
				TARGETED_DEVICE_FAMILY = "1,2";
				TEST_HOST = "$(BUILT_PRODUCTS_DIR)/pokedex.app/pokedex";
			};
			name = Release;
		};
		BA12368B24A442A70051B860 /* Debug */ = {
			isa = XCBuildConfiguration;
			buildSettings = {
				ALWAYS_EMBED_SWIFT_STANDARD_LIBRARIES = YES;
				CODE_SIGN_STYLE = Automatic;
				INFOPLIST_FILE = pokedexUITests/Info.plist;
				LD_RUNPATH_SEARCH_PATHS = (
					"$(inherited)",
					"@executable_path/Frameworks",
					"@loader_path/Frameworks",
				);
				PRODUCT_BUNDLE_IDENTIFIER = nothing.pokedexUITests;
				PRODUCT_NAME = "$(TARGET_NAME)";
				SWIFT_VERSION = 5.0;
				TARGETED_DEVICE_FAMILY = "1,2";
				TEST_TARGET_NAME = pokedex;
			};
			name = Debug;
		};
		BA12368C24A442A70051B860 /* Release */ = {
			isa = XCBuildConfiguration;
			buildSettings = {
				ALWAYS_EMBED_SWIFT_STANDARD_LIBRARIES = YES;
				CODE_SIGN_STYLE = Automatic;
				INFOPLIST_FILE = pokedexUITests/Info.plist;
				LD_RUNPATH_SEARCH_PATHS = (
					"$(inherited)",
					"@executable_path/Frameworks",
					"@loader_path/Frameworks",
				);
				PRODUCT_BUNDLE_IDENTIFIER = nothing.pokedexUITests;
				PRODUCT_NAME = "$(TARGET_NAME)";
				SWIFT_VERSION = 5.0;
				TARGETED_DEVICE_FAMILY = "1,2";
				TEST_TARGET_NAME = pokedex;
			};
			name = Release;
		};
/* End XCBuildConfiguration section */

/* Begin XCConfigurationList section */
		BA12365224A442A50051B860 /* Build configuration list for PBXProject "pokedex" */ = {
			isa = XCConfigurationList;
			buildConfigurations = (
				BA12368224A442A70051B860 /* Debug */,
				BA12368324A442A70051B860 /* Release */,
			);
			defaultConfigurationIsVisible = 0;
			defaultConfigurationName = Release;
		};
		BA12368424A442A70051B860 /* Build configuration list for PBXNativeTarget "pokedex" */ = {
			isa = XCConfigurationList;
			buildConfigurations = (
				BA12368524A442A70051B860 /* Debug */,
				BA12368624A442A70051B860 /* Release */,
			);
			defaultConfigurationIsVisible = 0;
			defaultConfigurationName = Release;
		};
		BA12368724A442A70051B860 /* Build configuration list for PBXNativeTarget "pokedexTests" */ = {
			isa = XCConfigurationList;
			buildConfigurations = (
				BA12368824A442A70051B860 /* Debug */,
				BA12368924A442A70051B860 /* Release */,
			);
			defaultConfigurationIsVisible = 0;
			defaultConfigurationName = Release;
		};
		BA12368A24A442A70051B860 /* Build configuration list for PBXNativeTarget "pokedexUITests" */ = {
			isa = XCConfigurationList;
			buildConfigurations = (
				BA12368B24A442A70051B860 /* Debug */,
				BA12368C24A442A70051B860 /* Release */,
			);
			defaultConfigurationIsVisible = 0;
			defaultConfigurationName = Release;
		};
/* End XCConfigurationList section */

/* Begin XCRemoteSwiftPackageReference section */
		BA2A3FDA29495C8F00EC8EFC /* XCRemoteSwiftPackageReference "PokemonAPI" */ = {
			isa = XCRemoteSwiftPackageReference;
			repositoryURL = "https://github.com/kinkofer/PokemonAPI/";
			requirement = {
				kind = upToNextMajorVersion;
				minimumVersion = 6.0.0;
			};
		};
/* End XCRemoteSwiftPackageReference section */

/* Begin XCSwiftPackageProductDependency section */
		BA2A3FDB29495C8F00EC8EFC /* PokemonAPI */ = {
			isa = XCSwiftPackageProductDependency;
			package = BA2A3FDA29495C8F00EC8EFC /* XCRemoteSwiftPackageReference "PokemonAPI" */;
			productName = PokemonAPI;
		};
/* End XCSwiftPackageProductDependency section */

/* Begin XCVersionGroup section */
		BA12365E24A442A50051B860 /* pokedex.xcdatamodeld */ = {
			isa = XCVersionGroup;
			children = (
				BA12365F24A442A50051B860 /* pokedex.xcdatamodel */,
			);
			currentVersion = BA12365F24A442A50051B860 /* pokedex.xcdatamodel */;
			path = pokedex.xcdatamodeld;
			sourceTree = "<group>";
			versionGroupType = wrapper.xcdatamodel;
		};
/* End XCVersionGroup section */
	};
	rootObject = BA12364F24A442A50051B860 /* Project object */;
}
